// !$*UTF8*$!
{
	archiveVersion = 1;
	classes = {
	};
	objectVersion = 55;
	objects = {

/* Begin PBXBuildFile section */
		C7211D79283813C600A17A1B /* MyClass.swift in Sources */ = {isa = PBXBuildFile; fileRef = C7211D78283813C600A17A1B /* MyClass.swift */; };
		C7211D7D2838147900A17A1B /* MyClassTests.swift in Sources */ = {isa = PBXBuildFile; fileRef = C7211D7C2838147900A17A1B /* MyClassTests.swift */; };
		C7211D812838EC4600A17A1B /* CoveredClass.swift in Sources */ = {isa = PBXBuildFile; fileRef = C7211D802838EC4600A17A1B /* CoveredClass.swift */; };
		C7211D832838ECA600A17A1B /* CoveredClassTests.swift in Sources */ = {isa = PBXBuildFile; fileRef = C7211D822838ECA600A17A1B /* CoveredClassTests.swift */; };
		C76C592728391CCB00587555 /* AppLaunchTests.swift in Sources */ = {isa = PBXBuildFile; fileRef = C76C592628391CCB00587555 /* AppLaunchTests.swift */; };
		C76C592928391D9D00587555 /* TestingAppDelegate.swift in Sources */ = {isa = PBXBuildFile; fileRef = C76C592828391D9D00587555 /* TestingAppDelegate.swift */; };
		C76C592B28391E2D00587555 /* main.swift in Sources */ = {isa = PBXBuildFile; fileRef = C76C592A28391E2D00587555 /* main.swift */; };
		C76C592E2839367E00587555 /* StoryboardBasedViewController.swift in Sources */ = {isa = PBXBuildFile; fileRef = C76C592D2839367E00587555 /* StoryboardBasedViewController.swift */; };
		C76C59312839376300587555 /* LoadViewControllersTests.swift in Sources */ = {isa = PBXBuildFile; fileRef = C76C59302839376300587555 /* LoadViewControllersTests.swift */; };
		C76C5934283938B700587555 /* XIBBasedViewController.swift in Sources */ = {isa = PBXBuildFile; fileRef = C76C5932283938B700587555 /* XIBBasedViewController.swift */; };
		C76C5935283938B700587555 /* XIBBasedViewController.xib in Resources */ = {isa = PBXBuildFile; fileRef = C76C5933283938B700587555 /* XIBBasedViewController.xib */; };
		C76C59372839395300587555 /* XIBBasedViewControllerTests.swift in Sources */ = {isa = PBXBuildFile; fileRef = C76C59362839395200587555 /* XIBBasedViewControllerTests.swift */; };
		C76C593928393A3A00587555 /* CodeBasedViewController.swift in Sources */ = {isa = PBXBuildFile; fileRef = C76C593828393A3A00587555 /* CodeBasedViewController.swift */; };
		C76C593B28393B1000587555 /* CodeBasedViewControllerTests.swift in Sources */ = {isa = PBXBuildFile; fileRef = C76C593A28393B1000587555 /* CodeBasedViewControllerTests.swift */; };
		C76C593F28394E4B00587555 /* Analytics.swift in Sources */ = {isa = PBXBuildFile; fileRef = C76C593E28394E4B00587555 /* Analytics.swift */; };
		C76C594128394EDB00587555 /* MySingletonAnalytics.swift in Sources */ = {isa = PBXBuildFile; fileRef = C76C594028394EDB00587555 /* MySingletonAnalytics.swift */; };
		C76C594328394F5500587555 /* InstancePropertyViewController.swift in Sources */ = {isa = PBXBuildFile; fileRef = C76C594228394F5500587555 /* InstancePropertyViewController.swift */; };
		C76C594528394FCC00587555 /* ClosurePropertyViewController.swift in Sources */ = {isa = PBXBuildFile; fileRef = C76C594428394FCC00587555 /* ClosurePropertyViewController.swift */; };
		C76C594828394FFD00587555 /* OverrideViewController.swift in Sources */ = {isa = PBXBuildFile; fileRef = C76C594628394FFD00587555 /* OverrideViewController.swift */; };
		C76C594928394FFD00587555 /* OverrideViewController.xib in Resources */ = {isa = PBXBuildFile; fileRef = C76C594728394FFD00587555 /* OverrideViewController.xib */; };
		C76C594B2839503D00587555 /* InstanceInitializerViewController.swift in Sources */ = {isa = PBXBuildFile; fileRef = C76C594A2839503D00587555 /* InstanceInitializerViewController.swift */; };
		C76C594D2839504B00587555 /* ClosureInitializerViewController.swift in Sources */ = {isa = PBXBuildFile; fileRef = C76C594C2839504B00587555 /* ClosureInitializerViewController.swift */; };
		C76C594F2839505700587555 /* MySingletonViewController.swift in Sources */ = {isa = PBXBuildFile; fileRef = C76C594E2839505700587555 /* MySingletonViewController.swift */; };
		C76C59532839546200587555 /* MySingletonViewControllerTests.swift in Sources */ = {isa = PBXBuildFile; fileRef = C76C59522839546200587555 /* MySingletonViewControllerTests.swift */; };
		C76C595528395B5C00587555 /* OverrideViewControllerTests.swift in Sources */ = {isa = PBXBuildFile; fileRef = C76C595428395B5C00587555 /* OverrideViewControllerTests.swift */; };
		C76C595728395D2900587555 /* InstanceInitializerViewControllerTests.swift in Sources */ = {isa = PBXBuildFile; fileRef = C76C595628395D2900587555 /* InstanceInitializerViewControllerTests.swift */; };
		C76C595928395E0000587555 /* InstancePropertyViewControllerTests.swift in Sources */ = {isa = PBXBuildFile; fileRef = C76C595828395E0000587555 /* InstancePropertyViewControllerTests.swift */; };
		C76C595B28395F9B00587555 /* ClosureInitializerViewControllerTests.swift in Sources */ = {isa = PBXBuildFile; fileRef = C76C595A28395F9B00587555 /* ClosureInitializerViewControllerTests.swift */; };
		C76C595D283960E200587555 /* ClosurePropertyViewControllerTests.swift in Sources */ = {isa = PBXBuildFile; fileRef = C76C595C283960E200587555 /* ClosurePropertyViewControllerTests.swift */; };
		C76C59632839638200587555 /* OutletConnectionsViewController.swift in Sources */ = {isa = PBXBuildFile; fileRef = C76C59612839638200587555 /* OutletConnectionsViewController.swift */; };
		C76C59642839638200587555 /* OutletConnectionsViewController.xib in Resources */ = {isa = PBXBuildFile; fileRef = C76C59622839638200587555 /* OutletConnectionsViewController.xib */; };
		C76C59662839651D00587555 /* OutletConnectionsViewControllerTests.swift in Sources */ = {isa = PBXBuildFile; fileRef = C76C59652839651D00587555 /* OutletConnectionsViewControllerTests.swift */; };
		C76C596A2839678700587555 /* ButtonTapViewController.swift in Sources */ = {isa = PBXBuildFile; fileRef = C76C59692839678700587555 /* ButtonTapViewController.swift */; };
		C76C596F283968DE00587555 /* ButtonTapViewControllerTests.swift in Sources */ = {isa = PBXBuildFile; fileRef = C76C596E283968DE00587555 /* ButtonTapViewControllerTests.swift */; };
		C76C5971283969CD00587555 /* TestHelpers.swift in Sources */ = {isa = PBXBuildFile; fileRef = C76C5970283969CC00587555 /* TestHelpers.swift */; };
		C7E7D8B6282FB085005917DC /* AppDelegate.swift in Sources */ = {isa = PBXBuildFile; fileRef = C7E7D8B5282FB085005917DC /* AppDelegate.swift */; };
		C7E7D8B8282FB085005917DC /* SceneDelegate.swift in Sources */ = {isa = PBXBuildFile; fileRef = C7E7D8B7282FB085005917DC /* SceneDelegate.swift */; };
		C7E7D8BA282FB085005917DC /* ViewController.swift in Sources */ = {isa = PBXBuildFile; fileRef = C7E7D8B9282FB085005917DC /* ViewController.swift */; };
		C7E7D8BD282FB085005917DC /* Main.storyboard in Resources */ = {isa = PBXBuildFile; fileRef = C7E7D8BB282FB085005917DC /* Main.storyboard */; };
		C7E7D8BF282FB08A005917DC /* Assets.xcassets in Resources */ = {isa = PBXBuildFile; fileRef = C7E7D8BE282FB08A005917DC /* Assets.xcassets */; };
		C7E7D8C2282FB08A005917DC /* LaunchScreen.storyboard in Resources */ = {isa = PBXBuildFile; fileRef = C7E7D8C0282FB08A005917DC /* LaunchScreen.storyboard */; };
		C7E7D8CD282FB08A005917DC /* TestingPlaygroundTests.swift in Sources */ = {isa = PBXBuildFile; fileRef = C7E7D8CC282FB08A005917DC /* TestingPlaygroundTests.swift */; };
		C7E7D8D7282FB08A005917DC /* TestingPlaygroundUITests.swift in Sources */ = {isa = PBXBuildFile; fileRef = C7E7D8D6282FB08A005917DC /* TestingPlaygroundUITests.swift */; };
		C7E7D8D9282FB08A005917DC /* TestingPlaygroundUITestsLaunchTests.swift in Sources */ = {isa = PBXBuildFile; fileRef = C7E7D8D8282FB08A005917DC /* TestingPlaygroundUITestsLaunchTests.swift */; };
/* End PBXBuildFile section */

/* Begin PBXContainerItemProxy section */
		C7E7D8C9282FB08A005917DC /* PBXContainerItemProxy */ = {
			isa = PBXContainerItemProxy;
			containerPortal = C7E7D8AA282FB085005917DC /* Project object */;
			proxyType = 1;
			remoteGlobalIDString = C7E7D8B1282FB085005917DC;
			remoteInfo = TestingPlayground;
		};
		C7E7D8D3282FB08A005917DC /* PBXContainerItemProxy */ = {
			isa = PBXContainerItemProxy;
			containerPortal = C7E7D8AA282FB085005917DC /* Project object */;
			proxyType = 1;
			remoteGlobalIDString = C7E7D8B1282FB085005917DC;
			remoteInfo = TestingPlayground;
		};
/* End PBXContainerItemProxy section */

/* Begin PBXFileReference section */
		C7211D78283813C600A17A1B /* MyClass.swift */ = {isa = PBXFileReference; lastKnownFileType = sourcecode.swift; path = MyClass.swift; sourceTree = "<group>"; };
		C7211D7C2838147900A17A1B /* MyClassTests.swift */ = {isa = PBXFileReference; lastKnownFileType = sourcecode.swift; path = MyClassTests.swift; sourceTree = "<group>"; };
		C7211D802838EC4600A17A1B /* CoveredClass.swift */ = {isa = PBXFileReference; lastKnownFileType = sourcecode.swift; path = CoveredClass.swift; sourceTree = "<group>"; };
		C7211D822838ECA600A17A1B /* CoveredClassTests.swift */ = {isa = PBXFileReference; lastKnownFileType = sourcecode.swift; path = CoveredClassTests.swift; sourceTree = "<group>"; };
		C76C592628391CCB00587555 /* AppLaunchTests.swift */ = {isa = PBXFileReference; lastKnownFileType = sourcecode.swift; path = AppLaunchTests.swift; sourceTree = "<group>"; };
		C76C592828391D9D00587555 /* TestingAppDelegate.swift */ = {isa = PBXFileReference; lastKnownFileType = sourcecode.swift; path = TestingAppDelegate.swift; sourceTree = "<group>"; };
		C76C592A28391E2D00587555 /* main.swift */ = {isa = PBXFileReference; lastKnownFileType = sourcecode.swift; path = main.swift; sourceTree = "<group>"; };
		C76C592D2839367E00587555 /* StoryboardBasedViewController.swift */ = {isa = PBXFileReference; lastKnownFileType = sourcecode.swift; path = StoryboardBasedViewController.swift; sourceTree = "<group>"; };
		C76C59302839376300587555 /* LoadViewControllersTests.swift */ = {isa = PBXFileReference; lastKnownFileType = sourcecode.swift; path = LoadViewControllersTests.swift; sourceTree = "<group>"; };
		C76C5932283938B700587555 /* XIBBasedViewController.swift */ = {isa = PBXFileReference; lastKnownFileType = sourcecode.swift; path = XIBBasedViewController.swift; sourceTree = "<group>"; };
		C76C5933283938B700587555 /* XIBBasedViewController.xib */ = {isa = PBXFileReference; lastKnownFileType = file.xib; path = XIBBasedViewController.xib; sourceTree = "<group>"; };
		C76C59362839395200587555 /* XIBBasedViewControllerTests.swift */ = {isa = PBXFileReference; lastKnownFileType = sourcecode.swift; path = XIBBasedViewControllerTests.swift; sourceTree = "<group>"; };
		C76C593828393A3A00587555 /* CodeBasedViewController.swift */ = {isa = PBXFileReference; lastKnownFileType = sourcecode.swift; path = CodeBasedViewController.swift; sourceTree = "<group>"; };
		C76C593A28393B1000587555 /* CodeBasedViewControllerTests.swift */ = {isa = PBXFileReference; lastKnownFileType = sourcecode.swift; path = CodeBasedViewControllerTests.swift; sourceTree = "<group>"; };
		C76C593E28394E4B00587555 /* Analytics.swift */ = {isa = PBXFileReference; lastKnownFileType = sourcecode.swift; path = Analytics.swift; sourceTree = "<group>"; };
		C76C594028394EDB00587555 /* MySingletonAnalytics.swift */ = {isa = PBXFileReference; lastKnownFileType = sourcecode.swift; path = MySingletonAnalytics.swift; sourceTree = "<group>"; };
		C76C594228394F5500587555 /* InstancePropertyViewController.swift */ = {isa = PBXFileReference; lastKnownFileType = sourcecode.swift; path = InstancePropertyViewController.swift; sourceTree = "<group>"; };
		C76C594428394FCC00587555 /* ClosurePropertyViewController.swift */ = {isa = PBXFileReference; lastKnownFileType = sourcecode.swift; path = ClosurePropertyViewController.swift; sourceTree = "<group>"; };
		C76C594628394FFD00587555 /* OverrideViewController.swift */ = {isa = PBXFileReference; lastKnownFileType = sourcecode.swift; path = OverrideViewController.swift; sourceTree = "<group>"; };
		C76C594728394FFD00587555 /* OverrideViewController.xib */ = {isa = PBXFileReference; lastKnownFileType = file.xib; path = OverrideViewController.xib; sourceTree = "<group>"; };
		C76C594A2839503D00587555 /* InstanceInitializerViewController.swift */ = {isa = PBXFileReference; lastKnownFileType = sourcecode.swift; path = InstanceInitializerViewController.swift; sourceTree = "<group>"; };
		C76C594C2839504B00587555 /* ClosureInitializerViewController.swift */ = {isa = PBXFileReference; lastKnownFileType = sourcecode.swift; path = ClosureInitializerViewController.swift; sourceTree = "<group>"; };
		C76C594E2839505700587555 /* MySingletonViewController.swift */ = {isa = PBXFileReference; lastKnownFileType = sourcecode.swift; path = MySingletonViewController.swift; sourceTree = "<group>"; };
		C76C59522839546200587555 /* MySingletonViewControllerTests.swift */ = {isa = PBXFileReference; lastKnownFileType = sourcecode.swift; path = MySingletonViewControllerTests.swift; sourceTree = "<group>"; };
		C76C595428395B5C00587555 /* OverrideViewControllerTests.swift */ = {isa = PBXFileReference; lastKnownFileType = sourcecode.swift; path = OverrideViewControllerTests.swift; sourceTree = "<group>"; };
		C76C595628395D2900587555 /* InstanceInitializerViewControllerTests.swift */ = {isa = PBXFileReference; lastKnownFileType = sourcecode.swift; path = InstanceInitializerViewControllerTests.swift; sourceTree = "<group>"; };
		C76C595828395E0000587555 /* InstancePropertyViewControllerTests.swift */ = {isa = PBXFileReference; lastKnownFileType = sourcecode.swift; path = InstancePropertyViewControllerTests.swift; sourceTree = "<group>"; };
		C76C595A28395F9B00587555 /* ClosureInitializerViewControllerTests.swift */ = {isa = PBXFileReference; lastKnownFileType = sourcecode.swift; path = ClosureInitializerViewControllerTests.swift; sourceTree = "<group>"; };
		C76C595C283960E200587555 /* ClosurePropertyViewControllerTests.swift */ = {isa = PBXFileReference; lastKnownFileType = sourcecode.swift; path = ClosurePropertyViewControllerTests.swift; sourceTree = "<group>"; };
		C76C59612839638200587555 /* OutletConnectionsViewController.swift */ = {isa = PBXFileReference; lastKnownFileType = sourcecode.swift; path = OutletConnectionsViewController.swift; sourceTree = "<group>"; };
		C76C59622839638200587555 /* OutletConnectionsViewController.xib */ = {isa = PBXFileReference; lastKnownFileType = file.xib; path = OutletConnectionsViewController.xib; sourceTree = "<group>"; };
		C76C59652839651D00587555 /* OutletConnectionsViewControllerTests.swift */ = {isa = PBXFileReference; lastKnownFileType = sourcecode.swift; path = OutletConnectionsViewControllerTests.swift; sourceTree = "<group>"; };
		C76C59692839678700587555 /* ButtonTapViewController.swift */ = {isa = PBXFileReference; lastKnownFileType = sourcecode.swift; path = ButtonTapViewController.swift; sourceTree = "<group>"; };
		C76C596E283968DE00587555 /* ButtonTapViewControllerTests.swift */ = {isa = PBXFileReference; lastKnownFileType = sourcecode.swift; path = ButtonTapViewControllerTests.swift; sourceTree = "<group>"; };
		C76C5970283969CC00587555 /* TestHelpers.swift */ = {isa = PBXFileReference; lastKnownFileType = sourcecode.swift; path = TestHelpers.swift; sourceTree = "<group>"; };
		C7E7D8B2282FB085005917DC /* TestingPlayground.app */ = {isa = PBXFileReference; explicitFileType = wrapper.application; includeInIndex = 0; path = TestingPlayground.app; sourceTree = BUILT_PRODUCTS_DIR; };
		C7E7D8B5282FB085005917DC /* AppDelegate.swift */ = {isa = PBXFileReference; lastKnownFileType = sourcecode.swift; path = AppDelegate.swift; sourceTree = "<group>"; };
		C7E7D8B7282FB085005917DC /* SceneDelegate.swift */ = {isa = PBXFileReference; lastKnownFileType = sourcecode.swift; path = SceneDelegate.swift; sourceTree = "<group>"; };
		C7E7D8B9282FB085005917DC /* ViewController.swift */ = {isa = PBXFileReference; lastKnownFileType = sourcecode.swift; path = ViewController.swift; sourceTree = "<group>"; };
		C7E7D8BC282FB085005917DC /* Base */ = {isa = PBXFileReference; lastKnownFileType = file.storyboard; name = Base; path = Base.lproj/Main.storyboard; sourceTree = "<group>"; };
		C7E7D8BE282FB08A005917DC /* Assets.xcassets */ = {isa = PBXFileReference; lastKnownFileType = folder.assetcatalog; path = Assets.xcassets; sourceTree = "<group>"; };
		C7E7D8C1282FB08A005917DC /* Base */ = {isa = PBXFileReference; lastKnownFileType = file.storyboard; name = Base; path = Base.lproj/LaunchScreen.storyboard; sourceTree = "<group>"; };
		C7E7D8C3282FB08A005917DC /* Info.plist */ = {isa = PBXFileReference; lastKnownFileType = text.plist.xml; path = Info.plist; sourceTree = "<group>"; };
		C7E7D8C8282FB08A005917DC /* TestingPlaygroundTests.xctest */ = {isa = PBXFileReference; explicitFileType = wrapper.cfbundle; includeInIndex = 0; path = TestingPlaygroundTests.xctest; sourceTree = BUILT_PRODUCTS_DIR; };
		C7E7D8CC282FB08A005917DC /* TestingPlaygroundTests.swift */ = {isa = PBXFileReference; lastKnownFileType = sourcecode.swift; path = TestingPlaygroundTests.swift; sourceTree = "<group>"; };
		C7E7D8D2282FB08A005917DC /* TestingPlaygroundUITests.xctest */ = {isa = PBXFileReference; explicitFileType = wrapper.cfbundle; includeInIndex = 0; path = TestingPlaygroundUITests.xctest; sourceTree = BUILT_PRODUCTS_DIR; };
		C7E7D8D6282FB08A005917DC /* TestingPlaygroundUITests.swift */ = {isa = PBXFileReference; lastKnownFileType = sourcecode.swift; path = TestingPlaygroundUITests.swift; sourceTree = "<group>"; };
		C7E7D8D8282FB08A005917DC /* TestingPlaygroundUITestsLaunchTests.swift */ = {isa = PBXFileReference; lastKnownFileType = sourcecode.swift; path = TestingPlaygroundUITestsLaunchTests.swift; sourceTree = "<group>"; };
/* End PBXFileReference section */

/* Begin PBXFrameworksBuildPhase section */
		C7E7D8AF282FB085005917DC /* Frameworks */ = {
			isa = PBXFrameworksBuildPhase;
			buildActionMask = 2147483647;
			files = (
			);
			runOnlyForDeploymentPostprocessing = 0;
		};
		C7E7D8C5282FB08A005917DC /* Frameworks */ = {
			isa = PBXFrameworksBuildPhase;
			buildActionMask = 2147483647;
			files = (
			);
			runOnlyForDeploymentPostprocessing = 0;
		};
		C7E7D8CF282FB08A005917DC /* Frameworks */ = {
			isa = PBXFrameworksBuildPhase;
			buildActionMask = 2147483647;
			files = (
			);
			runOnlyForDeploymentPostprocessing = 0;
		};
/* End PBXFrameworksBuildPhase section */

/* Begin PBXGroup section */
		C7211D76283813A900A17A1B /* Chapter2 */ = {
			isa = PBXGroup;
			children = (
				C7211D77283813B400A17A1B /* LifeCycle */,
			);
			path = Chapter2;
			sourceTree = "<group>";
		};
		C7211D77283813B400A17A1B /* LifeCycle */ = {
			isa = PBXGroup;
			children = (
				C7211D78283813C600A17A1B /* MyClass.swift */,
			);
			path = LifeCycle;
			sourceTree = "<group>";
		};
		C7211D7E2838EC2C00A17A1B /* Chapter3 */ = {
			isa = PBXGroup;
			children = (
				C7211D7F2838EC3300A17A1B /* CodeCoverage */,
			);
			path = Chapter3;
			sourceTree = "<group>";
		};
		C7211D7F2838EC3300A17A1B /* CodeCoverage */ = {
			isa = PBXGroup;
			children = (
				C7211D802838EC4600A17A1B /* CoveredClass.swift */,
			);
			path = CodeCoverage;
			sourceTree = "<group>";
		};
		C76C592228391C9300587555 /* Chapter4 */ = {
			isa = PBXGroup;
			children = (
				C76C592328391CA200587555 /* AppLaunch */,
			);
			path = Chapter4;
			sourceTree = "<group>";
		};
		C76C592328391CA200587555 /* AppLaunch */ = {
			isa = PBXGroup;
			children = (
			);
			path = AppLaunch;
			sourceTree = "<group>";
		};
		C76C592C2839366C00587555 /* Chapter5 */ = {
			isa = PBXGroup;
			children = (
				C76C592F2839375700587555 /* LoadViewControllers */,
			);
			path = Chapter5;
			sourceTree = "<group>";
		};
		C76C592F2839375700587555 /* LoadViewControllers */ = {
			isa = PBXGroup;
			children = (
				C76C592D2839367E00587555 /* StoryboardBasedViewController.swift */,
				C76C5932283938B700587555 /* XIBBasedViewController.swift */,
				C76C5933283938B700587555 /* XIBBasedViewController.xib */,
				C76C593828393A3A00587555 /* CodeBasedViewController.swift */,
			);
			path = LoadViewControllers;
			sourceTree = "<group>";
		};
		C76C593C28394DF900587555 /* Chapter6 */ = {
			isa = PBXGroup;
			children = (
				C76C593D28394E1000587555 /* HardDependencies */,
			);
			path = Chapter6;
			sourceTree = "<group>";
		};
		C76C593D28394E1000587555 /* HardDependencies */ = {
			isa = PBXGroup;
			children = (
				C76C593E28394E4B00587555 /* Analytics.swift */,
				C76C594028394EDB00587555 /* MySingletonAnalytics.swift */,
				C76C59502839505B00587555 /* ViewController */,
			);
			path = HardDependencies;
			sourceTree = "<group>";
		};
		C76C59502839505B00587555 /* ViewController */ = {
			isa = PBXGroup;
			children = (
				C76C594228394F5500587555 /* InstancePropertyViewController.swift */,
				C76C594428394FCC00587555 /* ClosurePropertyViewController.swift */,
				C76C594628394FFD00587555 /* OverrideViewController.swift */,
				C76C594728394FFD00587555 /* OverrideViewController.xib */,
				C76C594A2839503D00587555 /* InstanceInitializerViewController.swift */,
				C76C594C2839504B00587555 /* ClosureInitializerViewController.swift */,
				C76C594E2839505700587555 /* MySingletonViewController.swift */,
			);
			path = ViewController;
			sourceTree = "<group>";
		};
		C76C59512839545300587555 /* Chapter6 */ = {
			isa = PBXGroup;
			children = (
				C76C59522839546200587555 /* MySingletonViewControllerTests.swift */,
				C76C595428395B5C00587555 /* OverrideViewControllerTests.swift */,
				C76C595628395D2900587555 /* InstanceInitializerViewControllerTests.swift */,
				C76C595828395E0000587555 /* InstancePropertyViewControllerTests.swift */,
				C76C595A28395F9B00587555 /* ClosureInitializerViewControllerTests.swift */,
				C76C595C283960E200587555 /* ClosurePropertyViewControllerTests.swift */,
			);
			path = Chapter6;
			sourceTree = "<group>";
		};
		C76C595E2839633F00587555 /* Chapter7 */ = {
			isa = PBXGroup;
			children = (
				C76C595F2839635000587555 /* OutletConnections */,
			);
			path = Chapter7;
			sourceTree = "<group>";
		};
		C76C595F2839635000587555 /* OutletConnections */ = {
			isa = PBXGroup;
			children = (
				C76C59612839638200587555 /* OutletConnectionsViewController.swift */,
				C76C59622839638200587555 /* OutletConnectionsViewController.xib */,
			);
			path = OutletConnections;
			sourceTree = "<group>";
		};
		C76C59602839635B00587555 /* Chapter7 */ = {
			isa = PBXGroup;
			children = (
				C76C59652839651D00587555 /* OutletConnectionsViewControllerTests.swift */,
			);
			path = Chapter7;
			sourceTree = "<group>";
		};
		C76C59672839676100587555 /* Chapter8 */ = {
			isa = PBXGroup;
			children = (
				C76C59682839676A00587555 /* ButtonTap */,
			);
			path = Chapter8;
			sourceTree = "<group>";
		};
		C76C59682839676A00587555 /* ButtonTap */ = {
			isa = PBXGroup;
			children = (
				C76C59692839678700587555 /* ButtonTapViewController.swift */,
			);
			path = ButtonTap;
			sourceTree = "<group>";
		};
		C76C596B283968B000587555 /* Chapter8 */ = {
			isa = PBXGroup;
			children = (
				C76C596E283968DE00587555 /* ButtonTapViewControllerTests.swift */,
			);
			path = Chapter8;
			sourceTree = "<group>";
		};
		C7E7D8A9282FB085005917DC = {
			isa = PBXGroup;
			children = (
				C7E7D8B4282FB085005917DC /* TestingPlayground */,
				C7E7D8CB282FB08A005917DC /* TestingPlaygroundTests */,
				C7E7D8D5282FB08A005917DC /* TestingPlaygroundUITests */,
				C7E7D8B3282FB085005917DC /* Products */,
			);
			sourceTree = "<group>";
		};
		C7E7D8B3282FB085005917DC /* Products */ = {
			isa = PBXGroup;
			children = (
				C7E7D8B2282FB085005917DC /* TestingPlayground.app */,
				C7E7D8C8282FB08A005917DC /* TestingPlaygroundTests.xctest */,
				C7E7D8D2282FB08A005917DC /* TestingPlaygroundUITests.xctest */,
			);
			name = Products;
			sourceTree = "<group>";
		};
		C7E7D8B4282FB085005917DC /* TestingPlayground */ = {
			isa = PBXGroup;
			children = (
				C76C59672839676100587555 /* Chapter8 */,
				C76C595E2839633F00587555 /* Chapter7 */,
				C76C593C28394DF900587555 /* Chapter6 */,
				C76C592C2839366C00587555 /* Chapter5 */,
				C76C592228391C9300587555 /* Chapter4 */,
				C7211D7E2838EC2C00A17A1B /* Chapter3 */,
				C7211D76283813A900A17A1B /* Chapter2 */,
				C7E7D8B5282FB085005917DC /* AppDelegate.swift */,
				C7E7D8B7282FB085005917DC /* SceneDelegate.swift */,
				C7E7D8B9282FB085005917DC /* ViewController.swift */,
				C7E7D8BB282FB085005917DC /* Main.storyboard */,
				C7E7D8BE282FB08A005917DC /* Assets.xcassets */,
				C7E7D8C0282FB08A005917DC /* LaunchScreen.storyboard */,
				C7E7D8C3282FB08A005917DC /* Info.plist */,
				C76C592A28391E2D00587555 /* main.swift */,
			);
			path = TestingPlayground;
			sourceTree = "<group>";
		};
		C7E7D8CB282FB08A005917DC /* TestingPlaygroundTests */ = {
			isa = PBXGroup;
			children = (
				C76C596B283968B000587555 /* Chapter8 */,
				C76C59602839635B00587555 /* Chapter7 */,
				C76C59512839545300587555 /* Chapter6 */,
				C7E7D8CC282FB08A005917DC /* TestingPlaygroundTests.swift */,
				C7211D7C2838147900A17A1B /* MyClassTests.swift */,
				C7211D822838ECA600A17A1B /* CoveredClassTests.swift */,
				C76C592628391CCB00587555 /* AppLaunchTests.swift */,
				C76C592828391D9D00587555 /* TestingAppDelegate.swift */,
				C76C59302839376300587555 /* LoadViewControllersTests.swift */,
				C76C59362839395200587555 /* XIBBasedViewControllerTests.swift */,
				C76C593A28393B1000587555 /* CodeBasedViewControllerTests.swift */,
				C76C5970283969CC00587555 /* TestHelpers.swift */,
			);
			path = TestingPlaygroundTests;
			sourceTree = "<group>";
		};
		C7E7D8D5282FB08A005917DC /* TestingPlaygroundUITests */ = {
			isa = PBXGroup;
			children = (
				C7E7D8D6282FB08A005917DC /* TestingPlaygroundUITests.swift */,
				C7E7D8D8282FB08A005917DC /* TestingPlaygroundUITestsLaunchTests.swift */,
			);
			path = TestingPlaygroundUITests;
			sourceTree = "<group>";
		};
/* End PBXGroup section */

/* Begin PBXNativeTarget section */
		C7E7D8B1282FB085005917DC /* TestingPlayground */ = {
			isa = PBXNativeTarget;
			buildConfigurationList = C7E7D8DC282FB08A005917DC /* Build configuration list for PBXNativeTarget "TestingPlayground" */;
			buildPhases = (
				C7E7D8AE282FB085005917DC /* Sources */,
				C7E7D8AF282FB085005917DC /* Frameworks */,
				C7E7D8B0282FB085005917DC /* Resources */,
			);
			buildRules = (
			);
			dependencies = (
			);
			name = TestingPlayground;
			productName = TestingPlayground;
			productReference = C7E7D8B2282FB085005917DC /* TestingPlayground.app */;
			productType = "com.apple.product-type.application";
		};
		C7E7D8C7282FB08A005917DC /* TestingPlaygroundTests */ = {
			isa = PBXNativeTarget;
			buildConfigurationList = C7E7D8DF282FB08A005917DC /* Build configuration list for PBXNativeTarget "TestingPlaygroundTests" */;
			buildPhases = (
				C7E7D8C4282FB08A005917DC /* Sources */,
				C7E7D8C5282FB08A005917DC /* Frameworks */,
				C7E7D8C6282FB08A005917DC /* Resources */,
			);
			buildRules = (
			);
			dependencies = (
				C7E7D8CA282FB08A005917DC /* PBXTargetDependency */,
			);
			name = TestingPlaygroundTests;
			productName = TestingPlaygroundTests;
			productReference = C7E7D8C8282FB08A005917DC /* TestingPlaygroundTests.xctest */;
			productType = "com.apple.product-type.bundle.unit-test";
		};
		C7E7D8D1282FB08A005917DC /* TestingPlaygroundUITests */ = {
			isa = PBXNativeTarget;
			buildConfigurationList = C7E7D8E2282FB08A005917DC /* Build configuration list for PBXNativeTarget "TestingPlaygroundUITests" */;
			buildPhases = (
				C7E7D8CE282FB08A005917DC /* Sources */,
				C7E7D8CF282FB08A005917DC /* Frameworks */,
				C7E7D8D0282FB08A005917DC /* Resources */,
			);
			buildRules = (
			);
			dependencies = (
				C7E7D8D4282FB08A005917DC /* PBXTargetDependency */,
			);
			name = TestingPlaygroundUITests;
			productName = TestingPlaygroundUITests;
			productReference = C7E7D8D2282FB08A005917DC /* TestingPlaygroundUITests.xctest */;
			productType = "com.apple.product-type.bundle.ui-testing";
		};
/* End PBXNativeTarget section */

/* Begin PBXProject section */
		C7E7D8AA282FB085005917DC /* Project object */ = {
			isa = PBXProject;
			attributes = {
				BuildIndependentTargetsInParallel = 1;
				LastSwiftUpdateCheck = 1330;
				LastUpgradeCheck = 1330;
				TargetAttributes = {
					C7E7D8B1282FB085005917DC = {
						CreatedOnToolsVersion = 13.3;
					};
					C7E7D8C7282FB08A005917DC = {
						CreatedOnToolsVersion = 13.3;
						TestTargetID = C7E7D8B1282FB085005917DC;
					};
					C7E7D8D1282FB08A005917DC = {
						CreatedOnToolsVersion = 13.3;
						TestTargetID = C7E7D8B1282FB085005917DC;
					};
				};
			};
			buildConfigurationList = C7E7D8AD282FB085005917DC /* Build configuration list for PBXProject "TestingPlayground" */;
			compatibilityVersion = "Xcode 13.0";
			developmentRegion = en;
			hasScannedForEncodings = 0;
			knownRegions = (
				en,
				Base,
			);
			mainGroup = C7E7D8A9282FB085005917DC;
			productRefGroup = C7E7D8B3282FB085005917DC /* Products */;
			projectDirPath = "";
			projectRoot = "";
			targets = (
				C7E7D8B1282FB085005917DC /* TestingPlayground */,
				C7E7D8C7282FB08A005917DC /* TestingPlaygroundTests */,
				C7E7D8D1282FB08A005917DC /* TestingPlaygroundUITests */,
			);
		};
/* End PBXProject section */

/* Begin PBXResourcesBuildPhase section */
		C7E7D8B0282FB085005917DC /* Resources */ = {
			isa = PBXResourcesBuildPhase;
			buildActionMask = 2147483647;
			files = (
				C76C5935283938B700587555 /* XIBBasedViewController.xib in Resources */,
				C76C59642839638200587555 /* OutletConnectionsViewController.xib in Resources */,
				C7E7D8C2282FB08A005917DC /* LaunchScreen.storyboard in Resources */,
				C7E7D8BF282FB08A005917DC /* Assets.xcassets in Resources */,
				C76C594928394FFD00587555 /* OverrideViewController.xib in Resources */,
				C7E7D8BD282FB085005917DC /* Main.storyboard in Resources */,
			);
			runOnlyForDeploymentPostprocessing = 0;
		};
		C7E7D8C6282FB08A005917DC /* Resources */ = {
			isa = PBXResourcesBuildPhase;
			buildActionMask = 2147483647;
			files = (
			);
			runOnlyForDeploymentPostprocessing = 0;
		};
		C7E7D8D0282FB08A005917DC /* Resources */ = {
			isa = PBXResourcesBuildPhase;
			buildActionMask = 2147483647;
			files = (
			);
			runOnlyForDeploymentPostprocessing = 0;
		};
/* End PBXResourcesBuildPhase section */

/* Begin PBXSourcesBuildPhase section */
		C7E7D8AE282FB085005917DC /* Sources */ = {
			isa = PBXSourcesBuildPhase;
			buildActionMask = 2147483647;
			files = (
				C76C5934283938B700587555 /* XIBBasedViewController.swift in Sources */,
				C76C594D2839504B00587555 /* ClosureInitializerViewController.swift in Sources */,
				C76C594528394FCC00587555 /* ClosurePropertyViewController.swift in Sources */,
				C76C594F2839505700587555 /* MySingletonViewController.swift in Sources */,
				C7211D79283813C600A17A1B /* MyClass.swift in Sources */,
				C76C59632839638200587555 /* OutletConnectionsViewController.swift in Sources */,
				C7E7D8BA282FB085005917DC /* ViewController.swift in Sources */,
				C76C594828394FFD00587555 /* OverrideViewController.swift in Sources */,
				C76C592B28391E2D00587555 /* main.swift in Sources */,
				C76C593928393A3A00587555 /* CodeBasedViewController.swift in Sources */,
				C76C594B2839503D00587555 /* InstanceInitializerViewController.swift in Sources */,
				C76C596A2839678700587555 /* ButtonTapViewController.swift in Sources */,
				C7E7D8B6282FB085005917DC /* AppDelegate.swift in Sources */,
				C7E7D8B8282FB085005917DC /* SceneDelegate.swift in Sources */,
				C76C594328394F5500587555 /* InstancePropertyViewController.swift in Sources */,
				C76C592E2839367E00587555 /* StoryboardBasedViewController.swift in Sources */,
				C76C593F28394E4B00587555 /* Analytics.swift in Sources */,
				C7211D812838EC4600A17A1B /* CoveredClass.swift in Sources */,
				C76C594128394EDB00587555 /* MySingletonAnalytics.swift in Sources */,
			);
			runOnlyForDeploymentPostprocessing = 0;
		};
		C7E7D8C4282FB08A005917DC /* Sources */ = {
			isa = PBXSourcesBuildPhase;
			buildActionMask = 2147483647;
			files = (
				C76C596F283968DE00587555 /* ButtonTapViewControllerTests.swift in Sources */,
				C76C592928391D9D00587555 /* TestingAppDelegate.swift in Sources */,
				C76C59532839546200587555 /* MySingletonViewControllerTests.swift in Sources */,
				C76C595B28395F9B00587555 /* ClosureInitializerViewControllerTests.swift in Sources */,
				C7211D7D2838147900A17A1B /* MyClassTests.swift in Sources */,
				C7E7D8CD282FB08A005917DC /* TestingPlaygroundTests.swift in Sources */,
				C76C595928395E0000587555 /* InstancePropertyViewControllerTests.swift in Sources */,
				C76C592728391CCB00587555 /* AppLaunchTests.swift in Sources */,
				C76C595D283960E200587555 /* ClosurePropertyViewControllerTests.swift in Sources */,
				C76C59312839376300587555 /* LoadViewControllersTests.swift in Sources */,
				C76C59662839651D00587555 /* OutletConnectionsViewControllerTests.swift in Sources */,
				C76C5971283969CD00587555 /* TestHelpers.swift in Sources */,
				C76C595528395B5C00587555 /* OverrideViewControllerTests.swift in Sources */,
				C76C593B28393B1000587555 /* CodeBasedViewControllerTests.swift in Sources */,
				C76C595728395D2900587555 /* InstanceInitializerViewControllerTests.swift in Sources */,
				C7211D832838ECA600A17A1B /* CoveredClassTests.swift in Sources */,
				C76C59372839395300587555 /* XIBBasedViewControllerTests.swift in Sources */,
			);
			runOnlyForDeploymentPostprocessing = 0;
		};
		C7E7D8CE282FB08A005917DC /* Sources */ = {
			isa = PBXSourcesBuildPhase;
			buildActionMask = 2147483647;
			files = (
				C7E7D8D9282FB08A005917DC /* TestingPlaygroundUITestsLaunchTests.swift in Sources */,
				C7E7D8D7282FB08A005917DC /* TestingPlaygroundUITests.swift in Sources */,
			);
			runOnlyForDeploymentPostprocessing = 0;
		};
/* End PBXSourcesBuildPhase section */

/* Begin PBXTargetDependency section */
		C7E7D8CA282FB08A005917DC /* PBXTargetDependency */ = {
			isa = PBXTargetDependency;
			target = C7E7D8B1282FB085005917DC /* TestingPlayground */;
			targetProxy = C7E7D8C9282FB08A005917DC /* PBXContainerItemProxy */;
		};
		C7E7D8D4282FB08A005917DC /* PBXTargetDependency */ = {
			isa = PBXTargetDependency;
			target = C7E7D8B1282FB085005917DC /* TestingPlayground */;
			targetProxy = C7E7D8D3282FB08A005917DC /* PBXContainerItemProxy */;
		};
/* End PBXTargetDependency section */

/* Begin PBXVariantGroup section */
		C7E7D8BB282FB085005917DC /* Main.storyboard */ = {
			isa = PBXVariantGroup;
			children = (
				C7E7D8BC282FB085005917DC /* Base */,
			);
			name = Main.storyboard;
			sourceTree = "<group>";
		};
		C7E7D8C0282FB08A005917DC /* LaunchScreen.storyboard */ = {
			isa = PBXVariantGroup;
			children = (
				C7E7D8C1282FB08A005917DC /* Base */,
			);
			name = LaunchScreen.storyboard;
			sourceTree = "<group>";
		};
/* End PBXVariantGroup section */

/* Begin XCBuildConfiguration section */
		C7E7D8DA282FB08A005917DC /* Debug */ = {
			isa = XCBuildConfiguration;
			buildSettings = {
				ALWAYS_SEARCH_USER_PATHS = NO;
				CLANG_ANALYZER_NONNULL = YES;
				CLANG_ANALYZER_NUMBER_OBJECT_CONVERSION = YES_AGGRESSIVE;
				CLANG_CXX_LANGUAGE_STANDARD = "gnu++17";
				CLANG_ENABLE_MODULES = YES;
				CLANG_ENABLE_OBJC_ARC = YES;
				CLANG_ENABLE_OBJC_WEAK = YES;
				CLANG_WARN_BLOCK_CAPTURE_AUTORELEASING = YES;
				CLANG_WARN_BOOL_CONVERSION = YES;
				CLANG_WARN_COMMA = YES;
				CLANG_WARN_CONSTANT_CONVERSION = YES;
				CLANG_WARN_DEPRECATED_OBJC_IMPLEMENTATIONS = YES;
				CLANG_WARN_DIRECT_OBJC_ISA_USAGE = YES_ERROR;
				CLANG_WARN_DOCUMENTATION_COMMENTS = YES;
				CLANG_WARN_EMPTY_BODY = YES;
				CLANG_WARN_ENUM_CONVERSION = YES;
				CLANG_WARN_INFINITE_RECURSION = YES;
				CLANG_WARN_INT_CONVERSION = YES;
				CLANG_WARN_NON_LITERAL_NULL_CONVERSION = YES;
				CLANG_WARN_OBJC_IMPLICIT_RETAIN_SELF = YES;
				CLANG_WARN_OBJC_LITERAL_CONVERSION = YES;
				CLANG_WARN_OBJC_ROOT_CLASS = YES_ERROR;
				CLANG_WARN_QUOTED_INCLUDE_IN_FRAMEWORK_HEADER = YES;
				CLANG_WARN_RANGE_LOOP_ANALYSIS = YES;
				CLANG_WARN_STRICT_PROTOTYPES = YES;
				CLANG_WARN_SUSPICIOUS_MOVE = YES;
				CLANG_WARN_UNGUARDED_AVAILABILITY = YES_AGGRESSIVE;
				CLANG_WARN_UNREACHABLE_CODE = YES;
				CLANG_WARN__DUPLICATE_METHOD_MATCH = YES;
				COPY_PHASE_STRIP = NO;
				DEBUG_INFORMATION_FORMAT = dwarf;
				ENABLE_STRICT_OBJC_MSGSEND = YES;
				ENABLE_TESTABILITY = YES;
				GCC_C_LANGUAGE_STANDARD = gnu11;
				GCC_DYNAMIC_NO_PIC = NO;
				GCC_NO_COMMON_BLOCKS = YES;
				GCC_OPTIMIZATION_LEVEL = 0;
				GCC_PREPROCESSOR_DEFINITIONS = (
					"DEBUG=1",
					"$(inherited)",
				);
				GCC_WARN_64_TO_32_BIT_CONVERSION = YES;
				GCC_WARN_ABOUT_RETURN_TYPE = YES_ERROR;
				GCC_WARN_UNDECLARED_SELECTOR = YES;
				GCC_WARN_UNINITIALIZED_AUTOS = YES_AGGRESSIVE;
				GCC_WARN_UNUSED_FUNCTION = YES;
				GCC_WARN_UNUSED_VARIABLE = YES;
				IPHONEOS_DEPLOYMENT_TARGET = 15.0;
				MTL_ENABLE_DEBUG_INFO = INCLUDE_SOURCE;
				MTL_FAST_MATH = YES;
				ONLY_ACTIVE_ARCH = YES;
				SDKROOT = iphoneos;
				SWIFT_ACTIVE_COMPILATION_CONDITIONS = DEBUG;
				SWIFT_OPTIMIZATION_LEVEL = "-Onone";
			};
			name = Debug;
		};
		C7E7D8DB282FB08A005917DC /* Release */ = {
			isa = XCBuildConfiguration;
			buildSettings = {
				ALWAYS_SEARCH_USER_PATHS = NO;
				CLANG_ANALYZER_NONNULL = YES;
				CLANG_ANALYZER_NUMBER_OBJECT_CONVERSION = YES_AGGRESSIVE;
				CLANG_CXX_LANGUAGE_STANDARD = "gnu++17";
				CLANG_ENABLE_MODULES = YES;
				CLANG_ENABLE_OBJC_ARC = YES;
				CLANG_ENABLE_OBJC_WEAK = YES;
				CLANG_WARN_BLOCK_CAPTURE_AUTORELEASING = YES;
				CLANG_WARN_BOOL_CONVERSION = YES;
				CLANG_WARN_COMMA = YES;
				CLANG_WARN_CONSTANT_CONVERSION = YES;
				CLANG_WARN_DEPRECATED_OBJC_IMPLEMENTATIONS = YES;
				CLANG_WARN_DIRECT_OBJC_ISA_USAGE = YES_ERROR;
				CLANG_WARN_DOCUMENTATION_COMMENTS = YES;
				CLANG_WARN_EMPTY_BODY = YES;
				CLANG_WARN_ENUM_CONVERSION = YES;
				CLANG_WARN_INFINITE_RECURSION = YES;
				CLANG_WARN_INT_CONVERSION = YES;
				CLANG_WARN_NON_LITERAL_NULL_CONVERSION = YES;
				CLANG_WARN_OBJC_IMPLICIT_RETAIN_SELF = YES;
				CLANG_WARN_OBJC_LITERAL_CONVERSION = YES;
				CLANG_WARN_OBJC_ROOT_CLASS = YES_ERROR;
				CLANG_WARN_QUOTED_INCLUDE_IN_FRAMEWORK_HEADER = YES;
				CLANG_WARN_RANGE_LOOP_ANALYSIS = YES;
				CLANG_WARN_STRICT_PROTOTYPES = YES;
				CLANG_WARN_SUSPICIOUS_MOVE = YES;
				CLANG_WARN_UNGUARDED_AVAILABILITY = YES_AGGRESSIVE;
				CLANG_WARN_UNREACHABLE_CODE = YES;
				CLANG_WARN__DUPLICATE_METHOD_MATCH = YES;
				COPY_PHASE_STRIP = NO;
				DEBUG_INFORMATION_FORMAT = "dwarf-with-dsym";
				ENABLE_NS_ASSERTIONS = NO;
				ENABLE_STRICT_OBJC_MSGSEND = YES;
				GCC_C_LANGUAGE_STANDARD = gnu11;
				GCC_NO_COMMON_BLOCKS = YES;
				GCC_WARN_64_TO_32_BIT_CONVERSION = YES;
				GCC_WARN_ABOUT_RETURN_TYPE = YES_ERROR;
				GCC_WARN_UNDECLARED_SELECTOR = YES;
				GCC_WARN_UNINITIALIZED_AUTOS = YES_AGGRESSIVE;
				GCC_WARN_UNUSED_FUNCTION = YES;
				GCC_WARN_UNUSED_VARIABLE = YES;
				IPHONEOS_DEPLOYMENT_TARGET = 15.0;
				MTL_ENABLE_DEBUG_INFO = NO;
				MTL_FAST_MATH = YES;
				SDKROOT = iphoneos;
				SWIFT_COMPILATION_MODE = wholemodule;
				SWIFT_OPTIMIZATION_LEVEL = "-O";
				VALIDATE_PRODUCT = YES;
			};
			name = Release;
		};
		C7E7D8DD282FB08A005917DC /* Debug */ = {
			isa = XCBuildConfiguration;
			buildSettings = {
				ASSETCATALOG_COMPILER_APPICON_NAME = AppIcon;
				ASSETCATALOG_COMPILER_GLOBAL_ACCENT_COLOR_NAME = AccentColor;
				CODE_SIGN_STYLE = Automatic;
				CURRENT_PROJECT_VERSION = 1;
				DEVELOPMENT_TEAM = J4SV74FUBV;
				GENERATE_INFOPLIST_FILE = YES;
				INFOPLIST_FILE = TestingPlayground/Info.plist;
				INFOPLIST_KEY_UIApplicationSupportsIndirectInputEvents = YES;
				INFOPLIST_KEY_UILaunchStoryboardName = LaunchScreen;
				INFOPLIST_KEY_UIMainStoryboardFile = Main;
				INFOPLIST_KEY_UISupportedInterfaceOrientations_iPad = "UIInterfaceOrientationPortrait UIInterfaceOrientationPortraitUpsideDown UIInterfaceOrientationLandscapeLeft UIInterfaceOrientationLandscapeRight";
				INFOPLIST_KEY_UISupportedInterfaceOrientations_iPhone = "UIInterfaceOrientationPortrait UIInterfaceOrientationLandscapeLeft UIInterfaceOrientationLandscapeRight";
				IPHONEOS_DEPLOYMENT_TARGET = 15.0;
				LD_RUNPATH_SEARCH_PATHS = (
					"$(inherited)",
					"@executable_path/Frameworks",
				);
				MARKETING_VERSION = 1.0;
				PRODUCT_BUNDLE_IDENTIFIER = snnafi.TestingPlayground;
				PRODUCT_NAME = "$(TARGET_NAME)";
				SWIFT_EMIT_LOC_STRINGS = YES;
				SWIFT_VERSION = 5.0;
				TARGETED_DEVICE_FAMILY = "1,2";
			};
			name = Debug;
		};
		C7E7D8DE282FB08A005917DC /* Release */ = {
			isa = XCBuildConfiguration;
			buildSettings = {
				ASSETCATALOG_COMPILER_APPICON_NAME = AppIcon;
				ASSETCATALOG_COMPILER_GLOBAL_ACCENT_COLOR_NAME = AccentColor;
				CODE_SIGN_STYLE = Automatic;
				CURRENT_PROJECT_VERSION = 1;
				DEVELOPMENT_TEAM = J4SV74FUBV;
				GENERATE_INFOPLIST_FILE = YES;
				INFOPLIST_FILE = TestingPlayground/Info.plist;
				INFOPLIST_KEY_UIApplicationSupportsIndirectInputEvents = YES;
				INFOPLIST_KEY_UILaunchStoryboardName = LaunchScreen;
				INFOPLIST_KEY_UIMainStoryboardFile = Main;
				INFOPLIST_KEY_UISupportedInterfaceOrientations_iPad = "UIInterfaceOrientationPortrait UIInterfaceOrientationPortraitUpsideDown UIInterfaceOrientationLandscapeLeft UIInterfaceOrientationLandscapeRight";
				INFOPLIST_KEY_UISupportedInterfaceOrientations_iPhone = "UIInterfaceOrientationPortrait UIInterfaceOrientationLandscapeLeft UIInterfaceOrientationLandscapeRight";
				IPHONEOS_DEPLOYMENT_TARGET = 15.0;
				LD_RUNPATH_SEARCH_PATHS = (
					"$(inherited)",
					"@executable_path/Frameworks",
				);
				MARKETING_VERSION = 1.0;
				PRODUCT_BUNDLE_IDENTIFIER = snnafi.TestingPlayground;
				PRODUCT_NAME = "$(TARGET_NAME)";
				SWIFT_EMIT_LOC_STRINGS = YES;
				SWIFT_VERSION = 5.0;
				TARGETED_DEVICE_FAMILY = "1,2";
			};
			name = Release;
		};
		C7E7D8E0282FB08A005917DC /* Debug */ = {
			isa = XCBuildConfiguration;
			buildSettings = {
				ALWAYS_EMBED_SWIFT_STANDARD_LIBRARIES = YES;
				BUNDLE_LOADER = "$(TEST_HOST)";
				"CODE_SIGN_IDENTITY[sdk=macosx*]" = "Apple Development";
				CODE_SIGN_STYLE = Automatic;
				CURRENT_PROJECT_VERSION = 1;
				DEVELOPMENT_TEAM = J4SV74FUBV;
				GENERATE_INFOPLIST_FILE = YES;
				IPHONEOS_DEPLOYMENT_TARGET = 15.4;
				MARKETING_VERSION = 1.0;
				PRODUCT_BUNDLE_IDENTIFIER = snnafi.TestingPlaygroundTests;
				PRODUCT_NAME = "$(TARGET_NAME)";
				SWIFT_EMIT_LOC_STRINGS = NO;
				SWIFT_VERSION = 5.0;
				TARGETED_DEVICE_FAMILY = "1,2";
				TEST_HOST = "$(BUILT_PRODUCTS_DIR)/TestingPlayground.app/TestingPlayground";
			};
			name = Debug;
		};
		C7E7D8E1282FB08A005917DC /* Release */ = {
			isa = XCBuildConfiguration;
			buildSettings = {
				ALWAYS_EMBED_SWIFT_STANDARD_LIBRARIES = YES;
				BUNDLE_LOADER = "$(TEST_HOST)";
				"CODE_SIGN_IDENTITY[sdk=macosx*]" = "Apple Development";
				CODE_SIGN_STYLE = Automatic;
				CURRENT_PROJECT_VERSION = 1;
				DEVELOPMENT_TEAM = J4SV74FUBV;
				GENERATE_INFOPLIST_FILE = YES;
				IPHONEOS_DEPLOYMENT_TARGET = 15.4;
				MARKETING_VERSION = 1.0;
				PRODUCT_BUNDLE_IDENTIFIER = snnafi.TestingPlaygroundTests;
				PRODUCT_NAME = "$(TARGET_NAME)";
				SWIFT_EMIT_LOC_STRINGS = NO;
				SWIFT_VERSION = 5.0;
				TARGETED_DEVICE_FAMILY = "1,2";
				TEST_HOST = "$(BUILT_PRODUCTS_DIR)/TestingPlayground.app/TestingPlayground";
			};
			name = Release;
		};
		C7E7D8E3282FB08A005917DC /* Debug */ = {
			isa = XCBuildConfiguration;
			buildSettings = {
				ALWAYS_EMBED_SWIFT_STANDARD_LIBRARIES = YES;
				CODE_SIGN_STYLE = Automatic;
				CURRENT_PROJECT_VERSION = 1;
				DEVELOPMENT_TEAM = J4SV74FUBV;
				GENERATE_INFOPLIST_FILE = YES;
				MARKETING_VERSION = 1.0;
				PRODUCT_BUNDLE_IDENTIFIER = snnafi.TestingPlaygroundUITests;
				PRODUCT_NAME = "$(TARGET_NAME)";
				SWIFT_EMIT_LOC_STRINGS = NO;
				SWIFT_VERSION = 5.0;
				TARGETED_DEVICE_FAMILY = "1,2";
				TEST_TARGET_NAME = TestingPlayground;
			};
			name = Debug;
		};
		C7E7D8E4282FB08A005917DC /* Release */ = {
			isa = XCBuildConfiguration;
			buildSettings = {
				ALWAYS_EMBED_SWIFT_STANDARD_LIBRARIES = YES;
				CODE_SIGN_STYLE = Automatic;
				CURRENT_PROJECT_VERSION = 1;
				DEVELOPMENT_TEAM = J4SV74FUBV;
				GENERATE_INFOPLIST_FILE = YES;
				MARKETING_VERSION = 1.0;
				PRODUCT_BUNDLE_IDENTIFIER = snnafi.TestingPlaygroundUITests;
				PRODUCT_NAME = "$(TARGET_NAME)";
				SWIFT_EMIT_LOC_STRINGS = NO;
				SWIFT_VERSION = 5.0;
				TARGETED_DEVICE_FAMILY = "1,2";
				TEST_TARGET_NAME = TestingPlayground;
			};
			name = Release;
		};
/* End XCBuildConfiguration section */

/* Begin XCConfigurationList section */
		C7E7D8AD282FB085005917DC /* Build configuration list for PBXProject "TestingPlayground" */ = {
			isa = XCConfigurationList;
			buildConfigurations = (
				C7E7D8DA282FB08A005917DC /* Debug */,
				C7E7D8DB282FB08A005917DC /* Release */,
			);
			defaultConfigurationIsVisible = 0;
			defaultConfigurationName = Release;
		};
		C7E7D8DC282FB08A005917DC /* Build configuration list for PBXNativeTarget "TestingPlayground" */ = {
			isa = XCConfigurationList;
			buildConfigurations = (
				C7E7D8DD282FB08A005917DC /* Debug */,
				C7E7D8DE282FB08A005917DC /* Release */,
			);
			defaultConfigurationIsVisible = 0;
			defaultConfigurationName = Release;
		};
		C7E7D8DF282FB08A005917DC /* Build configuration list for PBXNativeTarget "TestingPlaygroundTests" */ = {
			isa = XCConfigurationList;
			buildConfigurations = (
				C7E7D8E0282FB08A005917DC /* Debug */,
				C7E7D8E1282FB08A005917DC /* Release */,
			);
			defaultConfigurationIsVisible = 0;
			defaultConfigurationName = Release;
		};
		C7E7D8E2282FB08A005917DC /* Build configuration list for PBXNativeTarget "TestingPlaygroundUITests" */ = {
			isa = XCConfigurationList;
			buildConfigurations = (
				C7E7D8E3282FB08A005917DC /* Debug */,
				C7E7D8E4282FB08A005917DC /* Release */,
			);
			defaultConfigurationIsVisible = 0;
			defaultConfigurationName = Release;
		};
/* End XCConfigurationList section */
	};
	rootObject = C7E7D8AA282FB085005917DC /* Project object */;
}
